// !$*UTF8*$!
{
	archiveVersion = 1;
	classes = {
	};
	objectVersion = 46;
	objects = {

/* Begin PBXBuildFile section */
		E45EBB2A1AAB20B60057299A /* AppDelegate.swift in Sources */ = {isa = PBXBuildFile; fileRef = E45EBB291AAB20B60057299A /* AppDelegate.swift */; };
		E45EBB2C1AAB20B60057299A /* ViewController.swift in Sources */ = {isa = PBXBuildFile; fileRef = E45EBB2B1AAB20B60057299A /* ViewController.swift */; };
		E45EBB2F1AAB20B60057299A /* Main.storyboard in Resources */ = {isa = PBXBuildFile; fileRef = E45EBB2D1AAB20B60057299A /* Main.storyboard */; };
		E45EBB311AAB20B60057299A /* Images.xcassets in Resources */ = {isa = PBXBuildFile; fileRef = E45EBB301AAB20B60057299A /* Images.xcassets */; };
		E45EBB341AAB20B60057299A /* LaunchScreen.xib in Resources */ = {isa = PBXBuildFile; fileRef = E45EBB321AAB20B60057299A /* LaunchScreen.xib */; };
		E45EBB401AAB20B60057299A /* BMIcalculatorTests.swift in Sources */ = {isa = PBXBuildFile; fileRef = E45EBB3F1AAB20B60057299A /* BMIcalculatorTests.swift */; };
/* End PBXBuildFile section */

/* Begin PBXContainerItemProxy section */
		E45EBB3A1AAB20B60057299A /* PBXContainerItemProxy */ = {
			isa = PBXContainerItemProxy;
			containerPortal = E45EBB1C1AAB20B60057299A /* Project object */;
			proxyType = 1;
			remoteGlobalIDString = E45EBB231AAB20B60057299A;
			remoteInfo = BMIcalculator;
		};
/* End PBXContainerItemProxy section */

/* Begin PBXFileReference section */
		E45EBB241AAB20B60057299A /* BMIcalculator.app */ = {isa = PBXFileReference; explicitFileType = wrapper.application; includeInIndex = 0; path = BMIcalculator.app; sourceTree = BUILT_PRODUCTS_DIR; };
		E45EBB281AAB20B60057299A /* Info.plist */ = {isa = PBXFileReference; lastKnownFileType = text.plist.xml; path = Info.plist; sourceTree = "<group>"; };
		E45EBB291AAB20B60057299A /* AppDelegate.swift */ = {isa = PBXFileReference; lastKnownFileType = sourcecode.swift; path = AppDelegate.swift; sourceTree = "<group>"; };
		E45EBB2B1AAB20B60057299A /* ViewController.swift */ = {isa = PBXFileReference; lastKnownFileType = sourcecode.swift; path = ViewController.swift; sourceTree = "<group>"; };
		E45EBB2E1AAB20B60057299A /* Base */ = {isa = PBXFileReference; lastKnownFileType = file.storyboard; name = Base; path = Base.lproj/Main.storyboard; sourceTree = "<group>"; };
		E45EBB301AAB20B60057299A /* Images.xcassets */ = {isa = PBXFileReference; lastKnownFileType = folder.assetcatalog; path = Images.xcassets; sourceTree = "<group>"; };
		E45EBB331AAB20B60057299A /* Base */ = {isa = PBXFileReference; lastKnownFileType = file.xib; name = Base; path = Base.lproj/LaunchScreen.xib; sourceTree = "<group>"; };
		E45EBB391AAB20B60057299A /* BMIcalculatorTests.xctest */ = {isa = PBXFileReference; explicitFileType = wrapper.cfbundle; includeInIndex = 0; path = BMIcalculatorTests.xctest; sourceTree = BUILT_PRODUCTS_DIR; };
		E45EBB3E1AAB20B60057299A /* Info.plist */ = {isa = PBXFileReference; lastKnownFileType = text.plist.xml; path = Info.plist; sourceTree = "<group>"; };
		E45EBB3F1AAB20B60057299A /* BMIcalculatorTests.swift */ = {isa = PBXFileReference; lastKnownFileType = sourcecode.swift; path = BMIcalculatorTests.swift; sourceTree = "<group>"; };
/* End PBXFileReference section */

/* Begin PBXFrameworksBuildPhase section */
		E45EBB211AAB20B60057299A /* Frameworks */ = {
			isa = PBXFrameworksBuildPhase;
			buildActionMask = 2147483647;
			files = (
			);
			runOnlyForDeploymentPostprocessing = 0;
		};
		E45EBB361AAB20B60057299A /* Frameworks */ = {
			isa = PBXFrameworksBuildPhase;
			buildActionMask = 2147483647;
			files = (
			);
			runOnlyForDeploymentPostprocessing = 0;
		};
/* End PBXFrameworksBuildPhase section */

/* Begin PBXGroup section */
		E45EBB1B1AAB20B60057299A = {
			isa = PBXGroup;
			children = (
				E45EBB261AAB20B60057299A /* BMIcalculator */,
				E45EBB3C1AAB20B60057299A /* BMIcalculatorTests */,
				E45EBB251AAB20B60057299A /* Products */,
			);
			sourceTree = "<group>";
		};
		E45EBB251AAB20B60057299A /* Products */ = {
			isa = PBXGroup;
			children = (
				E45EBB241AAB20B60057299A /* BMIcalculator.app */,
				E45EBB391AAB20B60057299A /* BMIcalculatorTests.xctest */,
			);
			name = Products;
			sourceTree = "<group>";
		};
		E45EBB261AAB20B60057299A /* BMIcalculator */ = {
			isa = PBXGroup;
			children = (
				E45EBB291AAB20B60057299A /* AppDelegate.swift */,
				E45EBB2B1AAB20B60057299A /* ViewController.swift */,
				E45EBB2D1AAB20B60057299A /* Main.storyboard */,
				E45EBB301AAB20B60057299A /* Images.xcassets */,
				E45EBB321AAB20B60057299A /* LaunchScreen.xib */,
				E45EBB271AAB20B60057299A /* Supporting Files */,
			);
			path = BMIcalculator;
			sourceTree = "<group>";
		};
		E45EBB271AAB20B60057299A /* Supporting Files */ = {
			isa = PBXGroup;
			children = (
				E45EBB281AAB20B60057299A /* Info.plist */,
			);
			name = "Supporting Files";
			sourceTree = "<group>";
		};
		E45EBB3C1AAB20B60057299A /* BMIcalculatorTests */ = {
			isa = PBXGroup;
			children = (
				E45EBB3F1AAB20B60057299A /* BMIcalculatorTests.swift */,
				E45EBB3D1AAB20B60057299A /* Supporting Files */,
			);
			path = BMIcalculatorTests;
			sourceTree = "<group>";
		};
		E45EBB3D1AAB20B60057299A /* Supporting Files */ = {
			isa = PBXGroup;
			children = (
				E45EBB3E1AAB20B60057299A /* Info.plist */,
			);
			name = "Supporting Files";
			sourceTree = "<group>";
		};
/* End PBXGroup section */

/* Begin PBXNativeTarget section */
		E45EBB231AAB20B60057299A /* BMIcalculator */ = {
			isa = PBXNativeTarget;
			buildConfigurationList = E45EBB431AAB20B60057299A /* Build configuration list for PBXNativeTarget "BMIcalculator" */;
			buildPhases = (
				E45EBB201AAB20B60057299A /* Sources */,
				E45EBB211AAB20B60057299A /* Frameworks */,
				E45EBB221AAB20B60057299A /* Resources */,
			);
			buildRules = (
			);
			dependencies = (
			);
			name = BMIcalculator;
			productName = BMIcalculator;
			productReference = E45EBB241AAB20B60057299A /* BMIcalculator.app */;
			productType = "com.apple.product-type.application";
		};
		E45EBB381AAB20B60057299A /* BMIcalculatorTests */ = {
			isa = PBXNativeTarget;
			buildConfigurationList = E45EBB461AAB20B60057299A /* Build configuration list for PBXNativeTarget "BMIcalculatorTests" */;
			buildPhases = (
				E45EBB351AAB20B60057299A /* Sources */,
				E45EBB361AAB20B60057299A /* Frameworks */,
				E45EBB371AAB20B60057299A /* Resources */,
			);
			buildRules = (
			);
			dependencies = (
				E45EBB3B1AAB20B60057299A /* PBXTargetDependency */,
			);
			name = BMIcalculatorTests;
			productName = BMIcalculatorTests;
			productReference = E45EBB391AAB20B60057299A /* BMIcalculatorTests.xctest */;
			productType = "com.apple.product-type.bundle.unit-test";
		};
/* End PBXNativeTarget section */

/* Begin PBXProject section */
		E45EBB1C1AAB20B60057299A /* Project object */ = {
			isa = PBXProject;
			attributes = {
				LastUpgradeCheck = 0610;
				ORGANIZATIONNAME = "田口うらら";
				TargetAttributes = {
					E45EBB231AAB20B60057299A = {
						CreatedOnToolsVersion = 6.1.1;
					};
					E45EBB381AAB20B60057299A = {
						CreatedOnToolsVersion = 6.1.1;
						TestTargetID = E45EBB231AAB20B60057299A;
					};
				};
			};
			buildConfigurationList = E45EBB1F1AAB20B60057299A /* Build configuration list for PBXProject "BMIcalculator" */;
			compatibilityVersion = "Xcode 3.2";
			developmentRegion = English;
			hasScannedForEncodings = 0;
			knownRegions = (
				en,
				Base,
			);
			mainGroup = E45EBB1B1AAB20B60057299A;
			productRefGroup = E45EBB251AAB20B60057299A /* Products */;
			projectDirPath = "";
			projectRoot = "";
			targets = (
				E45EBB231AAB20B60057299A /* BMIcalculator */,
				E45EBB381AAB20B60057299A /* BMIcalculatorTests */,
			);
		};
/* End PBXProject section */

/* Begin PBXResourcesBuildPhase section */
		E45EBB221AAB20B60057299A /* Resources */ = {
			isa = PBXResourcesBuildPhase;
			buildActionMask = 2147483647;
			files = (
				E45EBB2F1AAB20B60057299A /* Main.storyboard in Resources */,
				E45EBB341AAB20B60057299A /* LaunchScreen.xib in Resources */,
				E45EBB311AAB20B60057299A /* Images.xcassets in Resources */,
			);
			runOnlyForDeploymentPostprocessing = 0;
		};
		E45EBB371AAB20B60057299A /* Resources */ = {
			isa = PBXResourcesBuildPhase;
			buildActionMask = 2147483647;
			files = (
			);
			runOnlyForDeploymentPostprocessing = 0;
		};
/* End PBXResourcesBuildPhase section */

/* Begin PBXSourcesBuildPhase section */
		E45EBB201AAB20B60057299A /* Sources */ = {
			isa = PBXSourcesBuildPhase;
			buildActionMask = 2147483647;
			files = (
				E45EBB2C1AAB20B60057299A /* ViewController.swift in Sources */,
				E45EBB2A1AAB20B60057299A /* AppDelegate.swift in Sources */,
			);
			runOnlyForDeploymentPostprocessing = 0;
		};
		E45EBB351AAB20B60057299A /* Sources */ = {
			isa = PBXSourcesBuildPhase;
			buildActionMask = 2147483647;
			files = (
				E45EBB401AAB20B60057299A /* BMIcalculatorTests.swift in Sources */,
			);
			runOnlyForDeploymentPostprocessing = 0;
		};
/* End PBXSourcesBuildPhase section */

/* Begin PBXTargetDependency section */
		E45EBB3B1AAB20B60057299A /* PBXTargetDependency */ = {
			isa = PBXTargetDependency;
			target = E45EBB231AAB20B60057299A /* BMIcalculator */;
			targetProxy = E45EBB3A1AAB20B60057299A /* PBXContainerItemProxy */;
		};
/* End PBXTargetDependency section */

/* Begin PBXVariantGroup section */
		E45EBB2D1AAB20B60057299A /* Main.storyboard */ = {
			isa = PBXVariantGroup;
			children = (
				E45EBB2E1AAB20B60057299A /* Base */,
			);
			name = Main.storyboard;
			sourceTree = "<group>";
		};
		E45EBB321AAB20B60057299A /* LaunchScreen.xib */ = {
			isa = PBXVariantGroup;
			children = (
				E45EBB331AAB20B60057299A /* Base */,
			);
			name = LaunchScreen.xib;
			sourceTree = "<group>";
		};
/* End PBXVariantGroup section */

/* Begin XCBuildConfiguration section */
		E45EBB411AAB20B60057299A /* Debug */ = {
			isa = XCBuildConfiguration;
			buildSettings = {
				ALWAYS_SEARCH_USER_PATHS = NO;
				CLANG_CXX_LANGUAGE_STANDARD = "gnu++0x";
				CLANG_CXX_LIBRARY = "libc++";
				CLANG_ENABLE_MODULES = YES;
				CLANG_ENABLE_OBJC_ARC = YES;
				CLANG_WARN_BOOL_CONVERSION = YES;
				CLANG_WARN_CONSTANT_CONVERSION = YES;
				CLANG_WARN_DIRECT_OBJC_ISA_USAGE = YES_ERROR;
				CLANG_WARN_EMPTY_BODY = YES;
				CLANG_WARN_ENUM_CONVERSION = YES;
				CLANG_WARN_INT_CONVERSION = YES;
				CLANG_WARN_OBJC_ROOT_CLASS = YES_ERROR;
				CLANG_WARN_UNREACHABLE_CODE = YES;
				CLANG_WARN__DUPLICATE_METHOD_MATCH = YES;
				"CODE_SIGN_IDENTITY[sdk=iphoneos*]" = "iPhone Developer";
				COPY_PHASE_STRIP = NO;
				ENABLE_STRICT_OBJC_MSGSEND = YES;
				GCC_C_LANGUAGE_STANDARD = gnu99;
				GCC_DYNAMIC_NO_PIC = NO;
				GCC_OPTIMIZATION_LEVEL = 0;
				GCC_PREPROCESSOR_DEFINITIONS = (
					"DEBUG=1",
					"$(inherited)",
				);
				GCC_SYMBOLS_PRIVATE_EXTERN = NO;
				GCC_WARN_64_TO_32_BIT_CONVERSION = YES;
				GCC_WARN_ABOUT_RETURN_TYPE = YES_ERROR;
				GCC_WARN_UNDECLARED_SELECTOR = YES;
				GCC_WARN_UNINITIALIZED_AUTOS = YES_AGGRESSIVE;
				GCC_WARN_UNUSED_FUNCTION = YES;
				GCC_WARN_UNUSED_VARIABLE = YES;
				IPHONEOS_DEPLOYMENT_TARGET = 8.1;
				MTL_ENABLE_DEBUG_INFO = YES;
				ONLY_ACTIVE_ARCH = YES;
				SDKROOT = iphoneos;
				SWIFT_OPTIMIZATION_LEVEL = "-Onone";
			};
			name = Debug;
		};
		E45EBB421AAB20B60057299A /* Release */ = {
			isa = XCBuildConfiguration;
			buildSettings = {
				ALWAYS_SEARCH_USER_PATHS = NO;
				CLANG_CXX_LANGUAGE_STANDARD = "gnu++0x";
				CLANG_CXX_LIBRARY = "libc++";
				CLANG_ENABLE_MODULES = YES;
				CLANG_ENABLE_OBJC_ARC = YES;
				CLANG_WARN_BOOL_CONVERSION = YES;
				CLANG_WARN_CONSTANT_CONVERSION = YES;
				CLANG_WARN_DIRECT_OBJC_ISA_USAGE = YES_ERROR;
				CLANG_WARN_EMPTY_BODY = YES;
				CLANG_WARN_ENUM_CONVERSION = YES;
				CLANG_WARN_INT_CONVERSION = YES;
				CLANG_WARN_OBJC_ROOT_CLASS = YES_ERROR;
				CLANG_WARN_UNREACHABLE_CODE = YES;
				CLANG_WARN__DUPLICATE_METHOD_MATCH = YES;
				"CODE_SIGN_IDENTITY[sdk=iphoneos*]" = "iPhone Developer";
				COPY_PHASE_STRIP = YES;
				ENABLE_NS_ASSERTIONS = NO;
				ENABLE_STRICT_OBJC_MSGSEND = YES;
				GCC_C_LANGUAGE_STANDARD = gnu99;
				GCC_WARN_64_TO_32_BIT_CONVERSION = YES;
				GCC_WARN_ABOUT_RETURN_TYPE = YES_ERROR;
				GCC_WARN_UNDECLARED_SELECTOR = YES;
				GCC_WARN_UNINITIALIZED_AUTOS = YES_AGGRESSIVE;
				GCC_WARN_UNUSED_FUNCTION = YES;
				GCC_WARN_UNUSED_VARIABLE = YES;
				IPHONEOS_DEPLOYMENT_TARGET = 8.1;
				MTL_ENABLE_DEBUG_INFO = NO;
				SDKROOT = iphoneos;
				VALIDATE_PRODUCT = YES;
			};
			name = Release;
		};
		E45EBB441AAB20B60057299A /* Debug */ = {
			isa = XCBuildConfiguration;
			buildSettings = {
				ASSETCATALOG_COMPILER_APPICON_NAME = AppIcon;
				INFOPLIST_FILE = BMIcalculator/Info.plist;
				LD_RUNPATH_SEARCH_PATHS = "$(inherited) @executable_path/Frameworks";
				PRODUCT_NAME = "$(TARGET_NAME)";
			};
			name = Debug;
		};
		E45EBB451AAB20B60057299A /* Release */ = {
			isa = XCBuildConfiguration;
			buildSettings = {
				ASSETCATALOG_COMPILER_APPICON_NAME = AppIcon;
				INFOPLIST_FILE = BMIcalculator/Info.plist;
				LD_RUNPATH_SEARCH_PATHS = "$(inherited) @executable_path/Frameworks";
				PRODUCT_NAME = "$(TARGET_NAME)";
			};
			name = Release;
		};
		E45EBB471AAB20B60057299A /* Debug */ = {
			isa = XCBuildConfiguration;
			buildSettings = {
				BUNDLE_LOADER = "$(TEST_HOST)";
				FRAMEWORK_SEARCH_PATHS = (
					"$(SDKROOT)/Developer/Library/Frameworks",
					"$(inherited)",
				);
				GCC_PREPROCESSOR_DEFINITIONS = (
					"DEBUG=1",
					"$(inherited)",
				);
				INFOPLIST_FILE = BMIcalculatorTests/Info.plist;
				LD_RUNPATH_SEARCH_PATHS = "$(inherited) @executable_path/Frameworks @loader_path/Frameworks";
				PRODUCT_NAME = "$(TARGET_NAME)";
				TEST_HOST = "$(BUILT_PRODUCTS_DIR)/BMIcalculator.app/BMIcalculator";
			};
			name = Debug;
		};
		E45EBB481AAB20B60057299A /* Release */ = {
			isa = XCBuildConfiguration;
			buildSettings = {
				BUNDLE_LOADER = "$(TEST_HOST)";
				FRAMEWORK_SEARCH_PATHS = (
					"$(SDKROOT)/Developer/Library/Frameworks",
					"$(inherited)",
				);
				INFOPLIST_FILE = BMIcalculatorTests/Info.plist;
				LD_RUNPATH_SEARCH_PATHS = "$(inherited) @executable_path/Frameworks @loader_path/Frameworks";
				PRODUCT_NAME = "$(TARGET_NAME)";
				TEST_HOST = "$(BUILT_PRODUCTS_DIR)/BMIcalculator.app/BMIcalculator";
			};
			name = Release;
		};
/* End XCBuildConfiguration section */

/* Begin XCConfigurationList section */
		E45EBB1F1AAB20B60057299A /* Build configuration list for PBXProject "BMIcalculator" */ = {
			isa = XCConfigurationList;
			buildConfigurations = (
				E45EBB411AAB20B60057299A /* Debug */,
				E45EBB421AAB20B60057299A /* Release */,
			);
			defaultConfigurationIsVisible = 0;
			defaultConfigurationName = Release;
		};
		E45EBB431AAB20B60057299A /* Build configuration list for PBXNativeTarget "BMIcalculator" */ = {
			isa = XCConfigurationList;
			buildConfigurations = (
				E45EBB441AAB20B60057299A /* Debug */,
				E45EBB451AAB20B60057299A /* Release */,
			);
			defaultConfigurationIsVisible = 0;
		};
		E45EBB461AAB20B60057299A /* Build configuration list for PBXNativeTarget "BMIcalculatorTests" */ = {
			isa = XCConfigurationList;
			buildConfigurations = (
				E45EBB471AAB20B60057299A /* Debug */,
				E45EBB481AAB20B60057299A /* Release */,
			);
			defaultConfigurationIsVisible = 0;
		};
/* End XCConfigurationList section */
	};
	rootObject = E45EBB1C1AAB20B60057299A /* Project object */;
}
